// !$*UTF8*$!
{
	archiveVersion = 1;
	classes = {
	};
	objectVersion = 46;
	objects = {

		A02D95B610DB0CAEFB8E6A4D = {isa = PBXBuildFile; fileRef = BE6659DE5C5BF771C67DFD73; };
		650C1B7A130517FA33C1BD20 = {isa = PBXBuildFile; fileRef = EBF56A4ACD540442755021E8; };
		BBF0CB1FA44C0F88CEF823F1 = {isa = PBXBuildFile; fileRef = E59F91076165059CFC596FA2; };
		73316D6656B3A295672AC47E = {isa = PBXBuildFile; fileRef = 03A95D5A58037EE0FB45E9AE; };
		F2C3D6ED16A627EFF197DFA5 = {isa = PBXBuildFile; fileRef = 6446D7AEB624E9F7B01BF25B; };
		06A38120EF19E198C767CE41 = {isa = PBXBuildFile; fileRef = 54DB14512FEB7180148EFCBE; };
		7B16912472176EAD7DBCCA63 = {isa = PBXBuildFile; fileRef = 9D1CB2E5D9DED8BE3AFDC80D; };
		A726389BCF473F1AE4F9F55B = {isa = PBXBuildFile; fileRef = 1126F2B0ADC13EB0B193FA04; };
		624E4F33CFAB4A89F9EE89E5 = {isa = PBXBuildFile; fileRef = 4C0B8B2BC065739647B85364; };
		617A4D2938CC4DC380531F6B = {isa = PBXBuildFile; fileRef = AE8C6403E34E2E1EC8E0BA52; };
		EA89869EB8C25E2EBFB42991 = {isa = PBXBuildFile; fileRef = 119F7C9B0585C654ABC1ABA4; };
		BECAB9C3300A3D1EC47D1B88 = {isa = PBXBuildFile; fileRef = 76248669FC3B3D641C0A9353; };
		575881E06F0C64485A613B11 = {isa = PBXBuildFile; fileRef = 0C9F4FF3C4A48D4A068F017C; };
		3135AB29A47DC69FBEF32E67 = {isa = PBXBuildFile; fileRef = 73E6E689346F3EEEAB7A1015; };
		12267E37825218D167A98E6C = {isa = PBXBuildFile; fileRef = 9E33F493BE73E3E26C519C2A; };
		42B6F6AB64A031F9464CCC3C = {isa = PBXBuildFile; fileRef = 3608CEDC73795CCE84D61C04; };
		03A95D5A58037EE0FB45E9AE = {isa = PBXFileReference; lastKnownFileType = wrapper.framework; name = CoreText.framework; path = System/Library/Frameworks/CoreText.framework; sourceTree = SDKROOT; };
		0C9F4FF3C4A48D4A068F017C = {isa = PBXFileReference; lastKnownFileType = sourcecode.cpp.objcpp; name = "include_juce_data_structures.mm"; path = "../../JuceLibraryCode/include_juce_data_structures.mm"; sourceTree = "SOURCE_ROOT"; };
		0CF8032CD2F2B8EEFBF58614 = {isa = PBXFileReference; lastKnownFileType = text.plist.xml; name = "Info-App.plist"; path = "Info-App.plist"; sourceTree = "SOURCE_ROOT"; };
		1126F2B0ADC13EB0B193FA04 = {isa = PBXFileReference; lastKnownFileType = wrapper.framework; name = UIKit.framework; path = System/Library/Frameworks/UIKit.framework; sourceTree = SDKROOT; };
		119F7C9B0585C654ABC1ABA4 = {isa = PBXFileReference; lastKnownFileType = sourcecode.cpp.cpp; name = Main.cpp; path = ../../Source/Main.cpp; sourceTree = "SOURCE_ROOT"; };
		3608CEDC73795CCE84D61C04 = {isa = PBXFileReference; lastKnownFileType = sourcecode.cpp.objcpp; name = "include_juce_gui_basics.mm"; path = "../../JuceLibraryCode/include_juce_gui_basics.mm"; sourceTree = "SOURCE_ROOT"; };
		4C0B8B2BC065739647B85364 = {isa = PBXFileReference; lastKnownFileType = folder; name = Assets; path = /Users/noahdayan/JUCE/examples/Assets; sourceTree = "<group>"; };
		54DB14512FEB7180148EFCBE = {isa = PBXFileReference; lastKnownFileType = wrapper.framework; name = MobileCoreServices.framework; path = System/Library/Frameworks/MobileCoreServices.framework; sourceTree = SDKROOT; };
		6446D7AEB624E9F7B01BF25B = {isa = PBXFileReference; lastKnownFileType = wrapper.framework; name = Foundation.framework; path = System/Library/Frameworks/Foundation.framework; sourceTree = SDKROOT; };
		73E6E689346F3EEEAB7A1015 = {isa = PBXFileReference; lastKnownFileType = sourcecode.cpp.objcpp; name = "include_juce_events.mm"; path = "../../JuceLibraryCode/include_juce_events.mm"; sourceTree = "SOURCE_ROOT"; };
		76248669FC3B3D641C0A9353 = {isa = PBXFileReference; lastKnownFileType = sourcecode.cpp.objcpp; name = "include_juce_core.mm"; path = "../../JuceLibraryCode/include_juce_core.mm"; sourceTree = "SOURCE_ROOT"; };
		7E705DC7702A6AF2622530D9 = {isa = PBXFileReference; lastKnownFileType = file; name = "juce_core"; path = "~/JUCE/modules/juce_core"; sourceTree = "<absolute>"; };
		88EA7DBABE15D1EA6B6BE17B = {isa = PBXFileReference; lastKnownFileType = file; name = "juce_graphics"; path = "~/JUCE/modules/juce_graphics"; sourceTree = "<absolute>"; };
		8F9A25419875EBBD7CF106B5 = {isa = PBXFileReference; lastKnownFileType = file; name = "juce_events"; path = "~/JUCE/modules/juce_events"; sourceTree = "<absolute>"; };
		9D1CB2E5D9DED8BE3AFDC80D = {isa = PBXFileReference; lastKnownFileType = wrapper.framework; name = QuartzCore.framework; path = System/Library/Frameworks/QuartzCore.framework; sourceTree = SDKROOT; };
		9E33F493BE73E3E26C519C2A = {isa = PBXFileReference; lastKnownFileType = sourcecode.cpp.objcpp; name = "include_juce_graphics.mm"; path = "../../JuceLibraryCode/include_juce_graphics.mm"; sourceTree = "SOURCE_ROOT"; };
		A4DCF6389F6C5C1BBEC563C7 = {isa = PBXFileReference; lastKnownFileType = sourcecode.c.h; name = "SliderValuesTutorial_01.h"; path = "../../Source/SliderValuesTutorial_01.h"; sourceTree = "SOURCE_ROOT"; };
		AE8C6403E34E2E1EC8E0BA52 = {isa = PBXFileReference; lastKnownFileType = folder.assetcatalog; name = Images.xcassets; path = SliderValuesTutorial/Images.xcassets; sourceTree = "SOURCE_ROOT"; };
		BC9DEF42BF1801A776397A8F = {isa = PBXFileReference; lastKnownFileType = file; name = "juce_gui_basics"; path = "~/JUCE/modules/juce_gui_basics"; sourceTree = "<absolute>"; };
		BE6659DE5C5BF771C67DFD73 = {isa = PBXFileReference; explicitFileType = wrapper.application; includeInIndex = 0; path = SliderValuesTutorial.app; sourceTree = "BUILT_PRODUCTS_DIR"; };
		D1122157632FCA094ACA7C77 = {isa = PBXFileReference; lastKnownFileType = sourcecode.c.h; name = JuceHeader.h; path = ../../JuceLibraryCode/JuceHeader.h; sourceTree = "SOURCE_ROOT"; };
		D4433310114036099F7D0A8D = {isa = PBXFileReference; lastKnownFileType = sourcecode.c.h; name = AppConfig.h; path = ../../JuceLibraryCode/AppConfig.h; sourceTree = "SOURCE_ROOT"; };
		E59F91076165059CFC596FA2 = {isa = PBXFileReference; lastKnownFileType = wrapper.framework; name = CoreImage.framework; path = System/Library/Frameworks/CoreImage.framework; sourceTree = SDKROOT; };
		EBF56A4ACD540442755021E8 = {isa = PBXFileReference; lastKnownFileType = wrapper.framework; name = CoreGraphics.framework; path = System/Library/Frameworks/CoreGraphics.framework; sourceTree = SDKROOT; };
		FAAA4316301F383153504073 = {isa = PBXFileReference; lastKnownFileType = file; name = "juce_data_structures"; path = "~/JUCE/modules/juce_data_structures"; sourceTree = "<absolute>"; };
		E1BC6C2300999964A74C0ABE = {isa = PBXGroup; children = (
					119F7C9B0585C654ABC1ABA4,
					A4DCF6389F6C5C1BBEC563C7, ); name = Source; sourceTree = "<group>"; };
		3CFC63D5CCB9913498130213 = {isa = PBXGroup; children = (
					E1BC6C2300999964A74C0ABE, ); name = SliderValuesTutorial; sourceTree = "<group>"; };
		81B459141A3697324F0837FB = {isa = PBXGroup; children = (
					7E705DC7702A6AF2622530D9,
					FAAA4316301F383153504073,
					8F9A25419875EBBD7CF106B5,
					88EA7DBABE15D1EA6B6BE17B,
					BC9DEF42BF1801A776397A8F, ); name = "JUCE Modules"; sourceTree = "<group>"; };
		110FA1068F318BA6E99A37E4 = {isa = PBXGroup; children = (
					D4433310114036099F7D0A8D,
					76248669FC3B3D641C0A9353,
					0C9F4FF3C4A48D4A068F017C,
					73E6E689346F3EEEAB7A1015,
					9E33F493BE73E3E26C519C2A,
					3608CEDC73795CCE84D61C04,
					D1122157632FCA094ACA7C77, ); name = "JUCE Library Code"; sourceTree = "<group>"; };
		542C1BC34F1FA2AACAE8FD42 = {isa = PBXGroup; children = (
					4C0B8B2BC065739647B85364,
					0CF8032CD2F2B8EEFBF58614,
					AE8C6403E34E2E1EC8E0BA52, ); name = Resources; sourceTree = "<group>"; };
		CBE2D620BBD5460FCFA0DA0C = {isa = PBXGroup; children = (
					EBF56A4ACD540442755021E8,
					E59F91076165059CFC596FA2,
					03A95D5A58037EE0FB45E9AE,
					6446D7AEB624E9F7B01BF25B,
					54DB14512FEB7180148EFCBE,
					9D1CB2E5D9DED8BE3AFDC80D,
					1126F2B0ADC13EB0B193FA04, ); name = Frameworks; sourceTree = "<group>"; };
		B30B5AEFAA6B7ED5568E095C = {isa = PBXGroup; children = (
					BE6659DE5C5BF771C67DFD73, ); name = Products; sourceTree = "<group>"; };
		3BAF2F9745EBA0904090477E = {isa = PBXGroup; children = (
					3CFC63D5CCB9913498130213,
					81B459141A3697324F0837FB,
					110FA1068F318BA6E99A37E4,
					542C1BC34F1FA2AACAE8FD42,
					CBE2D620BBD5460FCFA0DA0C,
					B30B5AEFAA6B7ED5568E095C, ); name = Source; sourceTree = "<group>"; };
		BB0AA21AC5C438DCEE5F06E6 = {isa = XCBuildConfiguration; buildSettings = {
				ASSETCATALOG_COMPILER_APPICON_NAME = AppIcon;
				ASSETCATALOG_COMPILER_LAUNCHIMAGE_NAME = LaunchImage;
				CLANG_CXX_LANGUAGE_STANDARD = "c++14";
				CLANG_CXX_LIBRARY = "libc++";
				CLANG_LINK_OBJC_RUNTIME = NO;
				COMBINE_HIDPI_IMAGES = YES;
				CONFIGURATION_BUILD_DIR = "$(PROJECT_DIR)/build/$(CONFIGURATION)";
				COPY_PHASE_STRIP = NO;
				GCC_DYNAMIC_NO_PIC = NO;
				GCC_OPTIMIZATION_LEVEL = 0;
				GCC_PREPROCESSOR_DEFINITIONS = (
					"_DEBUG=1",
					"DEBUG=1",
					"JUCER_XCODE_IPHONE_5BC26AE3=1",
					"JUCE_APP_VERSION=1.0.0",
					"JUCE_APP_VERSION_HEX=0x10000",
					"JucePlugin_Build_VST=0",
					"JucePlugin_Build_VST3=0",
					"JucePlugin_Build_AU=0",
					"JucePlugin_Build_AUv3=0",
					"JucePlugin_Build_RTAS=0",
					"JucePlugin_Build_AAX=0",
					"JucePlugin_Build_Standalone=0", );
				GCC_VERSION = com.apple.compilers.llvm.clang.1_0;
				HEADER_SEARCH_PATHS = ("../../JuceLibraryCode", "~/JUCE/modules", "$(inherited)");
				INFOPLIST_FILE = Info-App.plist;
				INFOPLIST_PREPROCESS = NO;
				INSTALL_PATH = "$(HOME)/Applications";
				PRODUCT_BUNDLE_IDENTIFIER = com.yourcompany.SliderValuesTutorial;
				USE_HEADERMAP = NO; }; name = Debug; };
		3D3F91FF3EF87020B2C43E65 = {isa = XCBuildConfiguration; buildSettings = {
				ASSETCATALOG_COMPILER_APPICON_NAME = AppIcon;
				ASSETCATALOG_COMPILER_LAUNCHIMAGE_NAME = LaunchImage;
				CLANG_CXX_LANGUAGE_STANDARD = "c++14";
				CLANG_CXX_LIBRARY = "libc++";
				CLANG_LINK_OBJC_RUNTIME = NO;
				COMBINE_HIDPI_IMAGES = YES;
				CONFIGURATION_BUILD_DIR = "$(PROJECT_DIR)/build/$(CONFIGURATION)";
				DEAD_CODE_STRIPPING = YES;
				GCC_GENERATE_DEBUGGING_SYMBOLS = NO;
				GCC_OPTIMIZATION_LEVEL = 3;
				GCC_PREPROCESSOR_DEFINITIONS = (
					"_NDEBUG=1",
					"NDEBUG=1",
					"JUCER_XCODE_IPHONE_5BC26AE3=1",
					"JUCE_APP_VERSION=1.0.0",
					"JUCE_APP_VERSION_HEX=0x10000",
					"JucePlugin_Build_VST=0",
					"JucePlugin_Build_VST3=0",
					"JucePlugin_Build_AU=0",
					"JucePlugin_Build_AUv3=0",
					"JucePlugin_Build_RTAS=0",
					"JucePlugin_Build_AAX=0",
					"JucePlugin_Build_Standalone=0", );
				GCC_SYMBOLS_PRIVATE_EXTERN = YES;
				GCC_VERSION = com.apple.compilers.llvm.clang.1_0;
				HEADER_SEARCH_PATHS = ("../../JuceLibraryCode", "~/JUCE/modules", "$(inherited)");
				INFOPLIST_FILE = Info-App.plist;
				INFOPLIST_PREPROCESS = NO;
				INSTALL_PATH = "$(HOME)/Applications";
				LLVM_LTO = YES;
				PRODUCT_BUNDLE_IDENTIFIER = com.yourcompany.SliderValuesTutorial;
				USE_HEADERMAP = NO; }; name = Release; };
		E033ACC110E3181FB5E0CE0F = {isa = XCBuildConfiguration; buildSettings = {
				"CODE_SIGN_IDENTITY[sdk=iphoneos*]" = "iPhone Developer";
				ALWAYS_SEARCH_USER_PATHS = NO;
				CLANG_WARN_BLOCK_CAPTURE_AUTORELEASING = YES;
				CLANG_WARN_BOOL_CONVERSION = YES;
				CLANG_WARN_COMMA = YES;
				CLANG_WARN_CONSTANT_CONVERSION = YES;
				CLANG_WARN_EMPTY_BODY = YES;
				CLANG_WARN_ENUM_CONVERSION = YES;
				CLANG_WARN_INFINITE_RECURSION = YES;
				CLANG_WARN_INT_CONVERSION = YES;
				CLANG_WARN_NON_LITERAL_NULL_CONVERSION = YES;
				CLANG_WARN_OBJC_LITERAL_CONVERSION = YES;
				CLANG_WARN_RANGE_LOOP_ANALYSIS = YES;
				CLANG_WARN_STRICT_PROTOTYPES = YES;
				CLANG_WARN_SUSPICIOUS_MOVE = YES;
				CLANG_WARN_UNREACHABLE_CODE = YES;
				CLANG_WARN__DUPLICATE_METHOD_MATCH = YES;
				DEBUG_INFORMATION_FORMAT = "dwarf";
				ENABLE_STRICT_OBJC_MSGSEND = YES;
				ENABLE_TESTABILITY = YES;
				GCC_C_LANGUAGE_STANDARD = c11;
				GCC_INLINES_ARE_PRIVATE_EXTERN = YES;
				GCC_MODEL_TUNING = G5;
				GCC_NO_COMMON_BLOCKS = YES;
				GCC_WARN_64_TO_32_BIT_CONVERSION = YES;
				GCC_WARN_ABOUT_RETURN_TYPE = YES;
				GCC_WARN_CHECK_SWITCH_STATEMENTS = YES;
				GCC_WARN_MISSING_PARENTHESES = YES;
				GCC_WARN_NON_VIRTUAL_DESTRUCTOR = YES;
				GCC_WARN_TYPECHECK_CALLS_TO_PRINTF = YES;
				GCC_WARN_UNDECLARED_SELECTOR = YES;
				GCC_WARN_UNINITIALIZED_AUTOS = YES;
				GCC_WARN_UNUSED_FUNCTION = YES;
				GCC_WARN_UNUSED_VARIABLE = YES;
				IPHONEOS_DEPLOYMENT_TARGET = 9.3;
				ONLY_ACTIVE_ARCH = YES;
				PRODUCT_NAME = "SliderValuesTutorial";
				SDKROOT = iphoneos;
				TARGETED_DEVICE_FAMILY = "1,2";
				WARNING_CFLAGS = -Wreorder;
				ZERO_LINK = NO; }; name = Debug; };
		8711E775069DAB397A370A4B = {isa = XCBuildConfiguration; buildSettings = {
				"CODE_SIGN_IDENTITY[sdk=iphoneos*]" = "iPhone Developer";
				ALWAYS_SEARCH_USER_PATHS = NO;
				CLANG_WARN_BLOCK_CAPTURE_AUTORELEASING = YES;
				CLANG_WARN_BOOL_CONVERSION = YES;
				CLANG_WARN_COMMA = YES;
				CLANG_WARN_CONSTANT_CONVERSION = YES;
				CLANG_WARN_EMPTY_BODY = YES;
				CLANG_WARN_ENUM_CONVERSION = YES;
				CLANG_WARN_INFINITE_RECURSION = YES;
				CLANG_WARN_INT_CONVERSION = YES;
				CLANG_WARN_NON_LITERAL_NULL_CONVERSION = YES;
				CLANG_WARN_OBJC_LITERAL_CONVERSION = YES;
				CLANG_WARN_RANGE_LOOP_ANALYSIS = YES;
				CLANG_WARN_STRICT_PROTOTYPES = YES;
				CLANG_WARN_SUSPICIOUS_MOVE = YES;
				CLANG_WARN_UNREACHABLE_CODE = YES;
				CLANG_WARN__DUPLICATE_METHOD_MATCH = YES;
				DEBUG_INFORMATION_FORMAT = "dwarf";
				ENABLE_STRICT_OBJC_MSGSEND = YES;
				GCC_C_LANGUAGE_STANDARD = c11;
				GCC_INLINES_ARE_PRIVATE_EXTERN = YES;
				GCC_MODEL_TUNING = G5;
				GCC_NO_COMMON_BLOCKS = YES;
				GCC_WARN_64_TO_32_BIT_CONVERSION = YES;
				GCC_WARN_ABOUT_RETURN_TYPE = YES;
				GCC_WARN_CHECK_SWITCH_STATEMENTS = YES;
				GCC_WARN_MISSING_PARENTHESES = YES;
				GCC_WARN_NON_VIRTUAL_DESTRUCTOR = YES;
				GCC_WARN_TYPECHECK_CALLS_TO_PRINTF = YES;
				GCC_WARN_UNDECLARED_SELECTOR = YES;
				GCC_WARN_UNINITIALIZED_AUTOS = YES;
				GCC_WARN_UNUSED_FUNCTION = YES;
				GCC_WARN_UNUSED_VARIABLE = YES;
				IPHONEOS_DEPLOYMENT_TARGET = 9.3;
				PRODUCT_NAME = "SliderValuesTutorial";
				SDKROOT = iphoneos;
				TARGETED_DEVICE_FAMILY = "1,2";
				WARNING_CFLAGS = -Wreorder;
				ZERO_LINK = NO; }; name = Release; };
		FFDEB1A865886EA8B6E3642C = {isa = PBXTargetDependency; target = CAA79A0F1E9A1DFBCFFCC1B0; };
		D022B1288979E82BA6AE1946 = {isa = XCConfigurationList; buildConfigurations = (
					E033ACC110E3181FB5E0CE0F,
					8711E775069DAB397A370A4B, ); defaultConfigurationIsVisible = 0; defaultConfigurationName = Debug; };
		405D95255859BBE00385683D = {isa = XCConfigurationList; buildConfigurations = (
					BB0AA21AC5C438DCEE5F06E6,
					3D3F91FF3EF87020B2C43E65, ); defaultConfigurationIsVisible = 0; defaultConfigurationName = Debug; };
		364D59BD6F26AC16C79B0180 = {isa = PBXResourcesBuildPhase; buildActionMask = 2147483647; files = (
					624E4F33CFAB4A89F9EE89E5,
					617A4D2938CC4DC380531F6B, ); runOnlyForDeploymentPostprocessing = 0; };
		8392A216910F5C67EE7DE1AD = {isa = PBXSourcesBuildPhase; buildActionMask = 2147483647; files = (
					EA89869EB8C25E2EBFB42991,
					BECAB9C3300A3D1EC47D1B88,
					575881E06F0C64485A613B11,
					3135AB29A47DC69FBEF32E67,
					12267E37825218D167A98E6C,
					42B6F6AB64A031F9464CCC3C, ); runOnlyForDeploymentPostprocessing = 0; };
		9089E6BACAA1E9C0FE85AB52 = {isa = PBXFrameworksBuildPhase; buildActionMask = 2147483647; files = (
					650C1B7A130517FA33C1BD20,
					BBF0CB1FA44C0F88CEF823F1,
					73316D6656B3A295672AC47E,
					F2C3D6ED16A627EFF197DFA5,
					06A38120EF19E198C767CE41,
					7B16912472176EAD7DBCCA63,
					A726389BCF473F1AE4F9F55B, ); runOnlyForDeploymentPostprocessing = 0; };
		CAA79A0F1E9A1DFBCFFCC1B0 = {isa = PBXNativeTarget; buildConfigurationList = 405D95255859BBE00385683D; buildPhases = (
					364D59BD6F26AC16C79B0180,
					8392A216910F5C67EE7DE1AD,
					9089E6BACAA1E9C0FE85AB52, ); buildRules = ( ); dependencies = (  ); name = "SliderValuesTutorial - App"; productName = SliderValuesTutorial; productReference = BE6659DE5C5BF771C67DFD73; productType = "com.apple.product-type.application"; };
		C78B574658EE3F302A33DFE1 = {isa = PBXProject; buildConfigurationList = D022B1288979E82BA6AE1946; attributes = { LastUpgradeCheck = 0930; ORGANIZATIONNAME = "JUCE"; TargetAttributes = { CAA79A0F1E9A1DFBCFFCC1B0 = { SystemCapabilities = {com.apple.ApplicationGroups.iOS = { enabled = 0; }; com.apple.InAppPurchase = { enabled = 0; }; com.apple.InterAppAudio = { enabled = 0; }; com.apple.Push = { enabled = 0; }; com.apple.Sandbox = { enabled = 0; }; }; }; }; }; compatibilityVersion = "Xcode 3.2"; hasScannedForEncodings = 0; mainGroup = 3BAF2F9745EBA0904090477E; projectDirPath = ""; projectRoot = ""; targets = (CAA79A0F1E9A1DFBCFFCC1B0); };
	};
	rootObject = C78B574658EE3F302A33DFE1;
}
