Microsoft Visual Studio Solution File, Format Version 11.00
# Visual Studio 2017

Project("{8BC9CEB8-8B4A-11D0-8D11-00A0C91BC942}") = "waveformCreator - App", "waveformCreator_App.vcxproj", "{55213B7F-584C-95F6-59FF-885736425833}"
EndProject
Global
	GlobalSection(SolutionConfigurationPlatforms) = preSolution
		Debug|x64 = Debug|x64
		Release|x64 = Release|x64
	EndGlobalSection
	GlobalSection(ProjectConfigurationPlatforms) = postSolution
		{55213B7F-584C-95F6-59FF-885736425833}.Debug|x64.ActiveCfg = Debug|x64
		{55213B7F-584C-95F6-59FF-885736425833}.Debug|x64.Build.0 = Debug|x64
		{55213B7F-584C-95F6-59FF-885736425833}.Release|x64.ActiveCfg = Release|x64
		{55213B7F-584C-95F6-59FF-885736425833}.Release|x64.Build.0 = Release|x64
	EndGlobalSection
	GlobalSection(SolutionProperties) = preSolution
		HideSolutionNode = FALSE
	EndGlobalSection
EndGlobal
